<Solution>
  <Folder Name="/src/">
    <Project Path="src/InventoryManagement.Api/InventoryManagement.Api.csproj" />
    <Project Path="src/InventoryManagement.Application/InventoryManagement.Application.csproj" />
    <Project Path="src/InventoryManagement.Domain/InventoryManagement.Domain.csproj" />
    <Project Path="src/InventoryManagement.Infrastructure/InventoryManagement.Infrastructure.csproj" />
  </Folder>
  <Folder Name="/tests/">
    <Project Path="tests/InventoryManagement.UnitTests/InventoryManagement.UnitTests.csproj" />
  </Folder>
</Solution>
